# THIS IS AN AUTOGENERATED FILE. DO NOT EDIT THIS FILE DIRECTLY.
# yarn lockfile v1


acorn@^7.3.1:
  version "7.3.1"
  resolved "https://registry.yarnpkg.com/acorn/-/acorn-7.3.1.tgz#85010754db53c3fbaf3b9ea3e083aa5c5d147ffd"
  integrity sha512-tLc0wSnatxAQHVHUapaHdz72pi9KUyHjq5KyHjGg9Y8Ifdc79pTh2XvI6I1/chZbnM7QtNKzh66ooDogPZSleA==

prettier@^2.0.5:
  version "2.0.5"
  resolved "https://registry.yarnpkg.com/prettier/-/prettier-2.0.5.tgz#d6d56282455243f2f92cc1716692c08aa31522d4"
  integrity sha512-7PtVymN48hGcO4fGjybyBSIWDsLU4H4XlvOHfq91pz9kkGlonzwTfYkaIEwiRg/dAJF9YlbsduBAgtYLi+8cFg==

typescript@^3.9.6:
  version "3.9.6"
  resolved "https://registry.yarnpkg.com/typescript/-/typescript-3.9.6.tgz#8f3e0198a34c3ae17091b35571d3afd31999365a"
  integrity sha512-Pspx3oKAPJtjNwE92YS05HQoY7z2SFyOpHo9MqJor3BXAGNaPUs83CuVp9VISFkSjyRfiTpmKuAYGJB7S7hOxw==
